
Microsoft Visual Studio Solution File, Format Version 12.00
# Visual Studio Version 17
VisualStudioVersion = 17.8.34330.188
MinimumVisualStudioVersion = 10.0.40219.1
Project("{9A19103F-16F7-4668-BE54-9A1E7A4F7556}") = "1.HelloSoftUni", "HelloSoftUni\1.HelloSoftUni.csproj", "{44881166-4DFE-4E34-89FB-6FE7E92BAA8D}"
EndProject
Project("{9A19103F-16F7-4668-BE54-9A1E7A4F7556}") = "2.Nums1To10", "2.Nums1To10\2.Nums1To10.csproj", "{9C7BBAA1-31C1-4214-970F-9648200CFC57}"
EndProject
Project("{9A19103F-16F7-4668-BE54-9A1E7A4F7556}") = "03.Rectangle Area", "03.Rectangle Area\03.Rectangle Area.csproj", "{2BCC3451-9FE7-4943-A90C-CF72864F129B}"
EndProject
Project("{9A19103F-16F7-4668-BE54-9A1E7A4F7556}") = "04.InchesToCentimeters", "04.InchesToCentimeters\04.InchesToCentimeters.csproj", "{51E13789-C75B-4E82-AE06-5A7986A0054F}"
EndProject
Project("{9A19103F-16F7-4668-BE54-9A1E7A4F7556}") = "05.GreetingByName", "05.GreetingByName\05.GreetingByName.csproj", "{AFD51A32-D290-4E18-AED0-9349A1C7E9CB}"
EndProject
Project("{9A19103F-16F7-4668-BE54-9A1E7A4F7556}") = "06.ConcatenateData", "06.ConcatenateData\06.ConcatenateData.csproj", "{8AAC008E-861F-4813-96AC-42D02DF2DB1B}"
EndProject
Project("{9A19103F-16F7-4668-BE54-9A1E7A4F7556}") = "07.ProjectsCreation", "07.ProjectsCreation\07.ProjectsCreation.csproj", "{14CA518B-8579-4BCB-8E82-F8629C2D952A}"
EndProject
Project("{9A19103F-16F7-4668-BE54-9A1E7A4F7556}") = "08.PetShop", "08.PetShop\08.PetShop.csproj", "{AEF3BD8C-844D-44C3-94DF-096983965A75}"
EndProject
Project("{9A19103F-16F7-4668-BE54-9A1E7A4F7556}") = "09.Yard Greening", "09.Yard Greening\09.Yard Greening.csproj", "{5635EFEA-2179-4633-8AD7-CD846271CB62}"
EndProject
Project("{9A19103F-16F7-4668-BE54-9A1E7A4F7556}") = "10.USDToBGN", "01.USDToBGN\10.USDToBGN.csproj", "{E99ECF67-9C2B-4CC1-9202-DE17CA652A2A}"
EndProject
Project("{9A19103F-16F7-4668-BE54-9A1E7A4F7556}") = "11.RadiansToDegrees", "11.RadiansToDegrees\11.RadiansToDegrees.csproj", "{D6D367BB-D157-4251-A151-C36EF451BCA9}"
EndProject
Project("{9A19103F-16F7-4668-BE54-9A1E7A4F7556}") = "12.DepositCalculator", "12.DepositCalculator\12.DepositCalculator.csproj", "{92394B69-217E-4FDF-B304-E59EAF0C54C8}"
EndProject
Project("{9A19103F-16F7-4668-BE54-9A1E7A4F7556}") = "13.VacationBooksList", "13.VacationBooksList\13.VacationBooksList.csproj", "{0D1BB369-E415-40EA-A741-71CA833FC6DB}"
EndProject
Project("{9A19103F-16F7-4668-BE54-9A1E7A4F7556}") = "14.SuppliesForSchool", "14.SuppliesForSchool\14.SuppliesForSchool.csproj", "{335ABBC2-E7EE-4C39-BFC3-66D83F36221C}"
EndProject
Project("{9A19103F-16F7-4668-BE54-9A1E7A4F7556}") = "15.Repainting", "15.Repainting\15.Repainting.csproj", "{62C8E0E1-55F1-4329-B945-07205B4E2207}"
EndProject
Project("{9A19103F-16F7-4668-BE54-9A1E7A4F7556}") = "16.FoodDelivery", "16.FoodDelivery\16.FoodDelivery.csproj", "{8C27A255-D061-46FC-88E6-7B70E3917633}"
EndProject
Project("{9A19103F-16F7-4668-BE54-9A1E7A4F7556}") = "17.BasketballEquipment", "17.BasketballEquipment\17.BasketballEquipment.csproj", "{C6B980F6-07C9-416A-9380-C0FAC138E1D8}"
EndProject
Project("{FAE04EC0-301F-11D3-BF4B-00C04F79EFBC}") = "18.FishTank", "18.FishTank\18.FishTank.csproj", "{A156DF52-5687-4158-B874-6D56AE4895E2}"
EndProject
Global
	GlobalSection(SolutionConfigurationPlatforms) = preSolution
		Debug|Any CPU = Debug|Any CPU
		Release|Any CPU = Release|Any CPU
	EndGlobalSection
	GlobalSection(ProjectConfigurationPlatforms) = postSolution
		{44881166-4DFE-4E34-89FB-6FE7E92BAA8D}.Debug|Any CPU.ActiveCfg = Debug|Any CPU
		{44881166-4DFE-4E34-89FB-6FE7E92BAA8D}.Debug|Any CPU.Build.0 = Debug|Any CPU
		{44881166-4DFE-4E34-89FB-6FE7E92BAA8D}.Release|Any CPU.ActiveCfg = Release|Any CPU
		{44881166-4DFE-4E34-89FB-6FE7E92BAA8D}.Release|Any CPU.Build.0 = Release|Any CPU
		{9C7BBAA1-31C1-4214-970F-9648200CFC57}.Debug|Any CPU.ActiveCfg = Debug|Any CPU
		{9C7BBAA1-31C1-4214-970F-9648200CFC57}.Debug|Any CPU.Build.0 = Debug|Any CPU
		{9C7BBAA1-31C1-4214-970F-9648200CFC57}.Release|Any CPU.ActiveCfg = Release|Any CPU
		{9C7BBAA1-31C1-4214-970F-9648200CFC57}.Release|Any CPU.Build.0 = Release|Any CPU
		{2BCC3451-9FE7-4943-A90C-CF72864F129B}.Debug|Any CPU.ActiveCfg = Debug|Any CPU
		{2BCC3451-9FE7-4943-A90C-CF72864F129B}.Debug|Any CPU.Build.0 = Debug|Any CPU
		{2BCC3451-9FE7-4943-A90C-CF72864F129B}.Release|Any CPU.ActiveCfg = Release|Any CPU
		{2BCC3451-9FE7-4943-A90C-CF72864F129B}.Release|Any CPU.Build.0 = Release|Any CPU
		{51E13789-C75B-4E82-AE06-5A7986A0054F}.Debug|Any CPU.ActiveCfg = Debug|Any CPU
		{51E13789-C75B-4E82-AE06-5A7986A0054F}.Debug|Any CPU.Build.0 = Debug|Any CPU
		{51E13789-C75B-4E82-AE06-5A7986A0054F}.Release|Any CPU.ActiveCfg = Release|Any CPU
		{51E13789-C75B-4E82-AE06-5A7986A0054F}.Release|Any CPU.Build.0 = Release|Any CPU
		{AFD51A32-D290-4E18-AED0-9349A1C7E9CB}.Debug|Any CPU.ActiveCfg = Debug|Any CPU
		{AFD51A32-D290-4E18-AED0-9349A1C7E9CB}.Debug|Any CPU.Build.0 = Debug|Any CPU
		{AFD51A32-D290-4E18-AED0-9349A1C7E9CB}.Release|Any CPU.ActiveCfg = Release|Any CPU
		{AFD51A32-D290-4E18-AED0-9349A1C7E9CB}.Release|Any CPU.Build.0 = Release|Any CPU
		{8AAC008E-861F-4813-96AC-42D02DF2DB1B}.Debug|Any CPU.ActiveCfg = Debug|Any CPU
		{8AAC008E-861F-4813-96AC-42D02DF2DB1B}.Debug|Any CPU.Build.0 = Debug|Any CPU
		{8AAC008E-861F-4813-96AC-42D02DF2DB1B}.Release|Any CPU.ActiveCfg = Release|Any CPU
		{8AAC008E-861F-4813-96AC-42D02DF2DB1B}.Release|Any CPU.Build.0 = Release|Any CPU
		{14CA518B-8579-4BCB-8E82-F8629C2D952A}.Debug|Any CPU.ActiveCfg = Debug|Any CPU
		{14CA518B-8579-4BCB-8E82-F8629C2D952A}.Debug|Any CPU.Build.0 = Debug|Any CPU
		{14CA518B-8579-4BCB-8E82-F8629C2D952A}.Release|Any CPU.ActiveCfg = Release|Any CPU
		{14CA518B-8579-4BCB-8E82-F8629C2D952A}.Release|Any CPU.Build.0 = Release|Any CPU
		{AEF3BD8C-844D-44C3-94DF-096983965A75}.Debug|Any CPU.ActiveCfg = Debug|Any CPU
		{AEF3BD8C-844D-44C3-94DF-096983965A75}.Debug|Any CPU.Build.0 = Debug|Any CPU
		{AEF3BD8C-844D-44C3-94DF-096983965A75}.Release|Any CPU.ActiveCfg = Release|Any CPU
		{AEF3BD8C-844D-44C3-94DF-096983965A75}.Release|Any CPU.Build.0 = Release|Any CPU
		{5635EFEA-2179-4633-8AD7-CD846271CB62}.Debug|Any CPU.ActiveCfg = Debug|Any CPU
		{5635EFEA-2179-4633-8AD7-CD846271CB62}.Debug|Any CPU.Build.0 = Debug|Any CPU
		{5635EFEA-2179-4633-8AD7-CD846271CB62}.Release|Any CPU.ActiveCfg = Release|Any CPU
		{5635EFEA-2179-4633-8AD7-CD846271CB62}.Release|Any CPU.Build.0 = Release|Any CPU
		{E99ECF67-9C2B-4CC1-9202-DE17CA652A2A}.Debug|Any CPU.ActiveCfg = Debug|Any CPU
		{E99ECF67-9C2B-4CC1-9202-DE17CA652A2A}.Debug|Any CPU.Build.0 = Debug|Any CPU
		{E99ECF67-9C2B-4CC1-9202-DE17CA652A2A}.Release|Any CPU.ActiveCfg = Release|Any CPU
		{E99ECF67-9C2B-4CC1-9202-DE17CA652A2A}.Release|Any CPU.Build.0 = Release|Any CPU
		{D6D367BB-D157-4251-A151-C36EF451BCA9}.Debug|Any CPU.ActiveCfg = Debug|Any CPU
		{D6D367BB-D157-4251-A151-C36EF451BCA9}.Debug|Any CPU.Build.0 = Debug|Any CPU
		{D6D367BB-D157-4251-A151-C36EF451BCA9}.Release|Any CPU.ActiveCfg = Release|Any CPU
		{D6D367BB-D157-4251-A151-C36EF451BCA9}.Release|Any CPU.Build.0 = Release|Any CPU
		{92394B69-217E-4FDF-B304-E59EAF0C54C8}.Debug|Any CPU.ActiveCfg = Debug|Any CPU
		{92394B69-217E-4FDF-B304-E59EAF0C54C8}.Debug|Any CPU.Build.0 = Debug|Any CPU
		{92394B69-217E-4FDF-B304-E59EAF0C54C8}.Release|Any CPU.ActiveCfg = Release|Any CPU
		{92394B69-217E-4FDF-B304-E59EAF0C54C8}.Release|Any CPU.Build.0 = Release|Any CPU
		{0D1BB369-E415-40EA-A741-71CA833FC6DB}.Debug|Any CPU.ActiveCfg = Debug|Any CPU
		{0D1BB369-E415-40EA-A741-71CA833FC6DB}.Debug|Any CPU.Build.0 = Debug|Any CPU
		{0D1BB369-E415-40EA-A741-71CA833FC6DB}.Release|Any CPU.ActiveCfg = Release|Any CPU
		{0D1BB369-E415-40EA-A741-71CA833FC6DB}.Release|Any CPU.Build.0 = Release|Any CPU
		{335ABBC2-E7EE-4C39-BFC3-66D83F36221C}.Debug|Any CPU.ActiveCfg = Debug|Any CPU
		{335ABBC2-E7EE-4C39-BFC3-66D83F36221C}.Debug|Any CPU.Build.0 = Debug|Any CPU
		{335ABBC2-E7EE-4C39-BFC3-66D83F36221C}.Release|Any CPU.ActiveCfg = Release|Any CPU
		{335ABBC2-E7EE-4C39-BFC3-66D83F36221C}.Release|Any CPU.Build.0 = Release|Any CPU
		{62C8E0E1-55F1-4329-B945-07205B4E2207}.Debug|Any CPU.ActiveCfg = Debug|Any CPU
		{62C8E0E1-55F1-4329-B945-07205B4E2207}.Debug|Any CPU.Build.0 = Debug|Any CPU
		{62C8E0E1-55F1-4329-B945-07205B4E2207}.Release|Any CPU.ActiveCfg = Release|Any CPU
		{62C8E0E1-55F1-4329-B945-07205B4E2207}.Release|Any CPU.Build.0 = Release|Any CPU
		{8C27A255-D061-46FC-88E6-7B70E3917633}.Debug|Any CPU.ActiveCfg = Debug|Any CPU
		{8C27A255-D061-46FC-88E6-7B70E3917633}.Debug|Any CPU.Build.0 = Debug|Any CPU
		{8C27A255-D061-46FC-88E6-7B70E3917633}.Release|Any CPU.ActiveCfg = Release|Any CPU
		{8C27A255-D061-46FC-88E6-7B70E3917633}.Release|Any CPU.Build.0 = Release|Any CPU
		{C6B980F6-07C9-416A-9380-C0FAC138E1D8}.Debug|Any CPU.ActiveCfg = Debug|Any CPU
		{C6B980F6-07C9-416A-9380-C0FAC138E1D8}.Debug|Any CPU.Build.0 = Debug|Any CPU
		{C6B980F6-07C9-416A-9380-C0FAC138E1D8}.Release|Any CPU.ActiveCfg = Release|Any CPU
		{C6B980F6-07C9-416A-9380-C0FAC138E1D8}.Release|Any CPU.Build.0 = Release|Any CPU
		{A156DF52-5687-4158-B874-6D56AE4895E2}.Debug|Any CPU.ActiveCfg = Debug|Any CPU
		{A156DF52-5687-4158-B874-6D56AE4895E2}.Debug|Any CPU.Build.0 = Debug|Any CPU
		{A156DF52-5687-4158-B874-6D56AE4895E2}.Release|Any CPU.ActiveCfg = Release|Any CPU
		{A156DF52-5687-4158-B874-6D56AE4895E2}.Release|Any CPU.Build.0 = Release|Any CPU
	EndGlobalSection
	GlobalSection(SolutionProperties) = preSolution
		HideSolutionNode = FALSE
	EndGlobalSection
	GlobalSection(ExtensibilityGlobals) = postSolution
		SolutionGuid = {63F89B27-D7EB-4E6B-AD06-A7C317F3E705}
	EndGlobalSection
EndGlobal
